
Microsoft Visual Studio Solution File, Format Version 12.00
# Visual Studio 15
VisualStudioVersion = 15.0.27130.2036
MinimumVisualStudioVersion = 10.0.40219.1
Project("{FAE04EC0-301F-11D3-BF4B-00C04F79EFBC}") = "A.WebApp", "A.WebApp\A.WebApp.csproj", "{5D52F312-A40E-4EFD-8C2C-F60A30E0F91F}"
EndProject
Project("{FAE04EC0-301F-11D3-BF4B-00C04F79EFBC}") = "B.WebApp", "B.WebApp\B.WebApp.csproj", "{44AC74A0-CB83-4646-BDDD-947318685268}"
EndProject
Global
	GlobalSection(SolutionConfigurationPlatforms) = preSolution
		Debug|Any CPU = Debug|Any CPU
		Release|Any CPU = Release|Any CPU
	EndGlobalSection
	GlobalSection(ProjectConfigurationPlatforms) = postSolution
		{5D52F312-A40E-4EFD-8C2C-F60A30E0F91F}.Debug|Any CPU.ActiveCfg = Debug|Any CPU
		{5D52F312-A40E-4EFD-8C2C-F60A30E0F91F}.Debug|Any CPU.Build.0 = Debug|Any CPU
		{5D52F312-A40E-4EFD-8C2C-F60A30E0F91F}.Release|Any CPU.ActiveCfg = Release|Any CPU
		{5D52F312-A40E-4EFD-8C2C-F60A30E0F91F}.Release|Any CPU.Build.0 = Release|Any CPU
		{44AC74A0-CB83-4646-BDDD-947318685268}.Debug|Any CPU.ActiveCfg = Debug|Any CPU
		{44AC74A0-CB83-4646-BDDD-947318685268}.Debug|Any CPU.Build.0 = Debug|Any CPU
		{44AC74A0-CB83-4646-BDDD-947318685268}.Release|Any CPU.ActiveCfg = Release|Any CPU
		{44AC74A0-CB83-4646-BDDD-947318685268}.Release|Any CPU.Build.0 = Release|Any CPU
	EndGlobalSection
	GlobalSection(SolutionProperties) = preSolution
		HideSolutionNode = FALSE
	EndGlobalSection
	GlobalSection(ExtensibilityGlobals) = postSolution
		SolutionGuid = {E267B106-69DC-46D9-BB7E-8C69FD49F932}
	EndGlobalSection
EndGlobal
